# This file is automatically @generated by Cargo.
# It is not intended for manual editing.
version = 4

[[package]]
name = "inv-cli"
version = "0.1.0"

[[package]]
name = "inv-core"
version = "0.1.0"

[[package]]
name = "inv-parse"
version = "0.1.0"
dependencies = [
 "inv-core",
]

[[package]]
name = "inv-report"
version = "0.1.0"

[[package]]
name = "inv-store"
version = "0.1.0"
dependencies = [
 "inv-core",
]
